
Microsoft Visual Studio Solution File, Format Version 12.00
# Visual Studio Version 16
VisualStudioVersion = 16.0.28803.352
MinimumVisualStudioVersion = 10.0.40219.1
Project("{FAE04EC0-301F-11D3-BF4B-00C04F79EFBC}") = "AppPrestamos.UWP", "AppPrestamos\AppPrestamos.UWP\AppPrestamos.UWP.csproj", "{1B6542BF-133D-4FFC-AFE5-D9D13B24C970}"
EndProject
Project("{FAE04EC0-301F-11D3-BF4B-00C04F79EFBC}") = "AppPrestamos.Android", "AppPrestamos\AppPrestamos.Android\AppPrestamos.Android.csproj", "{C1A8C650-7A2E-4425-B9EC-11ACBEC98E5D}"
EndProject
Project("{FAE04EC0-301F-11D3-BF4B-00C04F79EFBC}") = "AppPrestamos.iOS", "AppPrestamos\AppPrestamos.iOS\AppPrestamos.iOS.csproj", "{FB2E8135-B175-4011-A7E4-987D19F311C9}"
EndProject
Project("{FAE04EC0-301F-11D3-BF4B-00C04F79EFBC}") = "AppPrestamos", "AppPrestamos\AppPrestamos\AppPrestamos.csproj", "{87C56ECC-B755-40B9-B1DA-631F8A4D407E}"
EndProject
Global
	GlobalSection(SolutionConfigurationPlatforms) = preSolution
		Debug|Any CPU = Debug|Any CPU
		Debug|ARM = Debug|ARM
		Debug|iPhone = Debug|iPhone
		Debug|iPhoneSimulator = Debug|iPhoneSimulator
		Debug|x64 = Debug|x64
		Debug|x86 = Debug|x86
		Release|Any CPU = Release|Any CPU
		Release|ARM = Release|ARM
		Release|iPhone = Release|iPhone
		Release|iPhoneSimulator = Release|iPhoneSimulator
		Release|x64 = Release|x64
		Release|x86 = Release|x86
	EndGlobalSection
	GlobalSection(ProjectConfigurationPlatforms) = postSolution
		{1B6542BF-133D-4FFC-AFE5-D9D13B24C970}.Debug|Any CPU.ActiveCfg = Debug|x86
		{1B6542BF-133D-4FFC-AFE5-D9D13B24C970}.Debug|Any CPU.Build.0 = Debug|x86
		{1B6542BF-133D-4FFC-AFE5-D9D13B24C970}.Debug|Any CPU.Deploy.0 = Debug|x86
		{1B6542BF-133D-4FFC-AFE5-D9D13B24C970}.Debug|ARM.ActiveCfg = Debug|ARM
		{1B6542BF-133D-4FFC-AFE5-D9D13B24C970}.Debug|ARM.Build.0 = Debug|ARM
		{1B6542BF-133D-4FFC-AFE5-D9D13B24C970}.Debug|ARM.Deploy.0 = Debug|ARM
		{1B6542BF-133D-4FFC-AFE5-D9D13B24C970}.Debug|iPhone.ActiveCfg = Debug|x86
		{1B6542BF-133D-4FFC-AFE5-D9D13B24C970}.Debug|iPhone.Build.0 = Debug|x86
		{1B6542BF-133D-4FFC-AFE5-D9D13B24C970}.Debug|iPhone.Deploy.0 = Debug|x86
		{1B6542BF-133D-4FFC-AFE5-D9D13B24C970}.Debug|iPhoneSimulator.ActiveCfg = Debug|x86
		{1B6542BF-133D-4FFC-AFE5-D9D13B24C970}.Debug|iPhoneSimulator.Build.0 = Debug|x86
		{1B6542BF-133D-4FFC-AFE5-D9D13B24C970}.Debug|iPhoneSimulator.Deploy.0 = Debug|x86
		{1B6542BF-133D-4FFC-AFE5-D9D13B24C970}.Debug|x64.ActiveCfg = Debug|x64
		{1B6542BF-133D-4FFC-AFE5-D9D13B24C970}.Debug|x64.Build.0 = Debug|x64
		{1B6542BF-133D-4FFC-AFE5-D9D13B24C970}.Debug|x64.Deploy.0 = Debug|x64
		{1B6542BF-133D-4FFC-AFE5-D9D13B24C970}.Debug|x86.ActiveCfg = Debug|x86
		{1B6542BF-133D-4FFC-AFE5-D9D13B24C970}.Debug|x86.Build.0 = Debug|x86
		{1B6542BF-133D-4FFC-AFE5-D9D13B24C970}.Debug|x86.Deploy.0 = Debug|x86
		{1B6542BF-133D-4FFC-AFE5-D9D13B24C970}.Release|Any CPU.ActiveCfg = Release|x86
		{1B6542BF-133D-4FFC-AFE5-D9D13B24C970}.Release|Any CPU.Build.0 = Release|x86
		{1B6542BF-133D-4FFC-AFE5-D9D13B24C970}.Release|Any CPU.Deploy.0 = Release|x86
		{1B6542BF-133D-4FFC-AFE5-D9D13B24C970}.Release|ARM.ActiveCfg = Release|ARM
		{1B6542BF-133D-4FFC-AFE5-D9D13B24C970}.Release|ARM.Build.0 = Release|ARM
		{1B6542BF-133D-4FFC-AFE5-D9D13B24C970}.Release|ARM.Deploy.0 = Release|ARM
		{1B6542BF-133D-4FFC-AFE5-D9D13B24C970}.Release|iPhone.ActiveCfg = Release|x86
		{1B6542BF-133D-4FFC-AFE5-D9D13B24C970}.Release|iPhone.Build.0 = Release|x86
		{1B6542BF-133D-4FFC-AFE5-D9D13B24C970}.Release|iPhone.Deploy.0 = Release|x86
		{1B6542BF-133D-4FFC-AFE5-D9D13B24C970}.Release|iPhoneSimulator.ActiveCfg = Release|x86
		{1B6542BF-133D-4FFC-AFE5-D9D13B24C970}.Release|iPhoneSimulator.Build.0 = Release|x86
		{1B6542BF-133D-4FFC-AFE5-D9D13B24C970}.Release|iPhoneSimulator.Deploy.0 = Release|x86
		{1B6542BF-133D-4FFC-AFE5-D9D13B24C970}.Release|x64.ActiveCfg = Release|x64
		{1B6542BF-133D-4FFC-AFE5-D9D13B24C970}.Release|x64.Build.0 = Release|x64
		{1B6542BF-133D-4FFC-AFE5-D9D13B24C970}.Release|x64.Deploy.0 = Release|x64
		{1B6542BF-133D-4FFC-AFE5-D9D13B24C970}.Release|x86.ActiveCfg = Release|x86
		{1B6542BF-133D-4FFC-AFE5-D9D13B24C970}.Release|x86.Build.0 = Release|x86
		{1B6542BF-133D-4FFC-AFE5-D9D13B24C970}.Release|x86.Deploy.0 = Release|x86
		{C1A8C650-7A2E-4425-B9EC-11ACBEC98E5D}.Debug|Any CPU.ActiveCfg = Debug|Any CPU
		{C1A8C650-7A2E-4425-B9EC-11ACBEC98E5D}.Debug|Any CPU.Build.0 = Debug|Any CPU
		{C1A8C650-7A2E-4425-B9EC-11ACBEC98E5D}.Debug|Any CPU.Deploy.0 = Debug|Any CPU
		{C1A8C650-7A2E-4425-B9EC-11ACBEC98E5D}.Debug|ARM.ActiveCfg = Debug|Any CPU
		{C1A8C650-7A2E-4425-B9EC-11ACBEC98E5D}.Debug|ARM.Build.0 = Debug|Any CPU
		{C1A8C650-7A2E-4425-B9EC-11ACBEC98E5D}.Debug|ARM.Deploy.0 = Debug|Any CPU
		{C1A8C650-7A2E-4425-B9EC-11ACBEC98E5D}.Debug|iPhone.ActiveCfg = Debug|Any CPU
		{C1A8C650-7A2E-4425-B9EC-11ACBEC98E5D}.Debug|iPhone.Build.0 = Debug|Any CPU
		{C1A8C650-7A2E-4425-B9EC-11ACBEC98E5D}.Debug|iPhone.Deploy.0 = Debug|Any CPU
		{C1A8C650-7A2E-4425-B9EC-11ACBEC98E5D}.Debug|iPhoneSimulator.ActiveCfg = Debug|Any CPU
		{C1A8C650-7A2E-4425-B9EC-11ACBEC98E5D}.Debug|iPhoneSimulator.Build.0 = Debug|Any CPU
		{C1A8C650-7A2E-4425-B9EC-11ACBEC98E5D}.Debug|iPhoneSimulator.Deploy.0 = Debug|Any CPU
		{C1A8C650-7A2E-4425-B9EC-11ACBEC98E5D}.Debug|x64.ActiveCfg = Debug|Any CPU
		{C1A8C650-7A2E-4425-B9EC-11ACBEC98E5D}.Debug|x64.Build.0 = Debug|Any CPU
		{C1A8C650-7A2E-4425-B9EC-11ACBEC98E5D}.Debug|x64.Deploy.0 = Debug|Any CPU
		{C1A8C650-7A2E-4425-B9EC-11ACBEC98E5D}.Debug|x86.ActiveCfg = Debug|Any CPU
		{C1A8C650-7A2E-4425-B9EC-11ACBEC98E5D}.Debug|x86.Build.0 = Debug|Any CPU
		{C1A8C650-7A2E-4425-B9EC-11ACBEC98E5D}.Debug|x86.Deploy.0 = Debug|Any CPU
		{C1A8C650-7A2E-4425-B9EC-11ACBEC98E5D}.Release|Any CPU.ActiveCfg = Release|Any CPU
		{C1A8C650-7A2E-4425-B9EC-11ACBEC98E5D}.Release|Any CPU.Build.0 = Release|Any CPU
		{C1A8C650-7A2E-4425-B9EC-11ACBEC98E5D}.Release|Any CPU.Deploy.0 = Release|Any CPU
		{C1A8C650-7A2E-4425-B9EC-11ACBEC98E5D}.Release|ARM.ActiveCfg = Release|Any CPU
		{C1A8C650-7A2E-4425-B9EC-11ACBEC98E5D}.Release|ARM.Build.0 = Release|Any CPU
		{C1A8C650-7A2E-4425-B9EC-11ACBEC98E5D}.Release|ARM.Deploy.0 = Release|Any CPU
		{C1A8C650-7A2E-4425-B9EC-11ACBEC98E5D}.Release|iPhone.ActiveCfg = Release|Any CPU
		{C1A8C650-7A2E-4425-B9EC-11ACBEC98E5D}.Release|iPhone.Build.0 = Release|Any CPU
		{C1A8C650-7A2E-4425-B9EC-11ACBEC98E5D}.Release|iPhone.Deploy.0 = Release|Any CPU
		{C1A8C650-7A2E-4425-B9EC-11ACBEC98E5D}.Release|iPhoneSimulator.ActiveCfg = Release|Any CPU
		{C1A8C650-7A2E-4425-B9EC-11ACBEC98E5D}.Release|iPhoneSimulator.Build.0 = Release|Any CPU
		{C1A8C650-7A2E-4425-B9EC-11ACBEC98E5D}.Release|iPhoneSimulator.Deploy.0 = Release|Any CPU
		{C1A8C650-7A2E-4425-B9EC-11ACBEC98E5D}.Release|x64.ActiveCfg = Release|Any CPU
		{C1A8C650-7A2E-4425-B9EC-11ACBEC98E5D}.Release|x64.Build.0 = Release|Any CPU
		{C1A8C650-7A2E-4425-B9EC-11ACBEC98E5D}.Release|x64.Deploy.0 = Release|Any CPU
		{C1A8C650-7A2E-4425-B9EC-11ACBEC98E5D}.Release|x86.ActiveCfg = Release|Any CPU
		{C1A8C650-7A2E-4425-B9EC-11ACBEC98E5D}.Release|x86.Build.0 = Release|Any CPU
		{C1A8C650-7A2E-4425-B9EC-11ACBEC98E5D}.Release|x86.Deploy.0 = Release|Any CPU
		{FB2E8135-B175-4011-A7E4-987D19F311C9}.Debug|Any CPU.ActiveCfg = Debug|iPhone
		{FB2E8135-B175-4011-A7E4-987D19F311C9}.Debug|Any CPU.Build.0 = Debug|iPhone
		{FB2E8135-B175-4011-A7E4-987D19F311C9}.Debug|Any CPU.Deploy.0 = Debug|iPhone
		{FB2E8135-B175-4011-A7E4-987D19F311C9}.Debug|ARM.ActiveCfg = Debug|iPhoneSimulator
		{FB2E8135-B175-4011-A7E4-987D19F311C9}.Debug|ARM.Build.0 = Debug|iPhoneSimulator
		{FB2E8135-B175-4011-A7E4-987D19F311C9}.Debug|ARM.Deploy.0 = Debug|iPhoneSimulator
		{FB2E8135-B175-4011-A7E4-987D19F311C9}.Debug|iPhone.ActiveCfg = Debug|iPhone
		{FB2E8135-B175-4011-A7E4-987D19F311C9}.Debug|iPhone.Build.0 = Debug|iPhone
		{FB2E8135-B175-4011-A7E4-987D19F311C9}.Debug|iPhone.Deploy.0 = Debug|iPhone
		{FB2E8135-B175-4011-A7E4-987D19F311C9}.Debug|iPhoneSimulator.ActiveCfg = Debug|iPhoneSimulator
		{FB2E8135-B175-4011-A7E4-987D19F311C9}.Debug|iPhoneSimulator.Build.0 = Debug|iPhoneSimulator
		{FB2E8135-B175-4011-A7E4-987D19F311C9}.Debug|iPhoneSimulator.Deploy.0 = Debug|iPhoneSimulator
		{FB2E8135-B175-4011-A7E4-987D19F311C9}.Debug|x64.ActiveCfg = Debug|iPhone
		{FB2E8135-B175-4011-A7E4-987D19F311C9}.Debug|x64.Build.0 = Debug|iPhone
		{FB2E8135-B175-4011-A7E4-987D19F311C9}.Debug|x64.Deploy.0 = Debug|iPhone
		{FB2E8135-B175-4011-A7E4-987D19F311C9}.Debug|x86.ActiveCfg = Debug|iPhone
		{FB2E8135-B175-4011-A7E4-987D19F311C9}.Debug|x86.Build.0 = Debug|iPhone
		{FB2E8135-B175-4011-A7E4-987D19F311C9}.Debug|x86.Deploy.0 = Debug|iPhone
		{FB2E8135-B175-4011-A7E4-987D19F311C9}.Release|Any CPU.ActiveCfg = Release|iPhone
		{FB2E8135-B175-4011-A7E4-987D19F311C9}.Release|Any CPU.Build.0 = Release|iPhone
		{FB2E8135-B175-4011-A7E4-987D19F311C9}.Release|Any CPU.Deploy.0 = Release|iPhone
		{FB2E8135-B175-4011-A7E4-987D19F311C9}.Release|ARM.ActiveCfg = Release|iPhone
		{FB2E8135-B175-4011-A7E4-987D19F311C9}.Release|ARM.Build.0 = Release|iPhone
		{FB2E8135-B175-4011-A7E4-987D19F311C9}.Release|ARM.Deploy.0 = Release|iPhone
		{FB2E8135-B175-4011-A7E4-987D19F311C9}.Release|iPhone.ActiveCfg = Release|iPhone
		{FB2E8135-B175-4011-A7E4-987D19F311C9}.Release|iPhone.Build.0 = Release|iPhone
		{FB2E8135-B175-4011-A7E4-987D19F311C9}.Release|iPhone.Deploy.0 = Release|iPhone
		{FB2E8135-B175-4011-A7E4-987D19F311C9}.Release|iPhoneSimulator.ActiveCfg = Release|iPhoneSimulator
		{FB2E8135-B175-4011-A7E4-987D19F311C9}.Release|iPhoneSimulator.Build.0 = Release|iPhoneSimulator
		{FB2E8135-B175-4011-A7E4-987D19F311C9}.Release|iPhoneSimulator.Deploy.0 = Release|iPhoneSimulator
		{FB2E8135-B175-4011-A7E4-987D19F311C9}.Release|x64.ActiveCfg = Release|iPhone
		{FB2E8135-B175-4011-A7E4-987D19F311C9}.Release|x64.Build.0 = Release|iPhone
		{FB2E8135-B175-4011-A7E4-987D19F311C9}.Release|x64.Deploy.0 = Release|iPhone
		{FB2E8135-B175-4011-A7E4-987D19F311C9}.Release|x86.ActiveCfg = Release|iPhone
		{FB2E8135-B175-4011-A7E4-987D19F311C9}.Release|x86.Build.0 = Release|iPhone
		{FB2E8135-B175-4011-A7E4-987D19F311C9}.Release|x86.Deploy.0 = Release|iPhone
		{87C56ECC-B755-40B9-B1DA-631F8A4D407E}.Debug|Any CPU.ActiveCfg = Debug|Any CPU
		{87C56ECC-B755-40B9-B1DA-631F8A4D407E}.Debug|Any CPU.Build.0 = Debug|Any CPU
		{87C56ECC-B755-40B9-B1DA-631F8A4D407E}.Debug|Any CPU.Deploy.0 = Debug|Any CPU
		{87C56ECC-B755-40B9-B1DA-631F8A4D407E}.Debug|ARM.ActiveCfg = Debug|Any CPU
		{87C56ECC-B755-40B9-B1DA-631F8A4D407E}.Debug|ARM.Build.0 = Debug|Any CPU
		{87C56ECC-B755-40B9-B1DA-631F8A4D407E}.Debug|ARM.Deploy.0 = Debug|Any CPU
		{87C56ECC-B755-40B9-B1DA-631F8A4D407E}.Debug|iPhone.ActiveCfg = Debug|Any CPU
		{87C56ECC-B755-40B9-B1DA-631F8A4D407E}.Debug|iPhone.Build.0 = Debug|Any CPU
		{87C56ECC-B755-40B9-B1DA-631F8A4D407E}.Debug|iPhone.Deploy.0 = Debug|Any CPU
		{87C56ECC-B755-40B9-B1DA-631F8A4D407E}.Debug|iPhoneSimulator.ActiveCfg = Debug|Any CPU
		{87C56ECC-B755-40B9-B1DA-631F8A4D407E}.Debug|iPhoneSimulator.Build.0 = Debug|Any CPU
		{87C56ECC-B755-40B9-B1DA-631F8A4D407E}.Debug|iPhoneSimulator.Deploy.0 = Debug|Any CPU
		{87C56ECC-B755-40B9-B1DA-631F8A4D407E}.Debug|x64.ActiveCfg = Debug|Any CPU
		{87C56ECC-B755-40B9-B1DA-631F8A4D407E}.Debug|x64.Build.0 = Debug|Any CPU
		{87C56ECC-B755-40B9-B1DA-631F8A4D407E}.Debug|x64.Deploy.0 = Debug|Any CPU
		{87C56ECC-B755-40B9-B1DA-631F8A4D407E}.Debug|x86.ActiveCfg = Debug|Any CPU
		{87C56ECC-B755-40B9-B1DA-631F8A4D407E}.Debug|x86.Build.0 = Debug|Any CPU
		{87C56ECC-B755-40B9-B1DA-631F8A4D407E}.Debug|x86.Deploy.0 = Debug|Any CPU
		{87C56ECC-B755-40B9-B1DA-631F8A4D407E}.Release|Any CPU.ActiveCfg = Release|Any CPU
		{87C56ECC-B755-40B9-B1DA-631F8A4D407E}.Release|Any CPU.Build.0 = Release|Any CPU
		{87C56ECC-B755-40B9-B1DA-631F8A4D407E}.Release|Any CPU.Deploy.0 = Release|Any CPU
		{87C56ECC-B755-40B9-B1DA-631F8A4D407E}.Release|ARM.ActiveCfg = Release|Any CPU
		{87C56ECC-B755-40B9-B1DA-631F8A4D407E}.Release|ARM.Build.0 = Release|Any CPU
		{87C56ECC-B755-40B9-B1DA-631F8A4D407E}.Release|ARM.Deploy.0 = Release|Any CPU
		{87C56ECC-B755-40B9-B1DA-631F8A4D407E}.Release|iPhone.ActiveCfg = Release|Any CPU
		{87C56ECC-B755-40B9-B1DA-631F8A4D407E}.Release|iPhone.Build.0 = Release|Any CPU
		{87C56ECC-B755-40B9-B1DA-631F8A4D407E}.Release|iPhone.Deploy.0 = Release|Any CPU
		{87C56ECC-B755-40B9-B1DA-631F8A4D407E}.Release|iPhoneSimulator.ActiveCfg = Release|Any CPU
		{87C56ECC-B755-40B9-B1DA-631F8A4D407E}.Release|iPhoneSimulator.Build.0 = Release|Any CPU
		{87C56ECC-B755-40B9-B1DA-631F8A4D407E}.Release|iPhoneSimulator.Deploy.0 = Release|Any CPU
		{87C56ECC-B755-40B9-B1DA-631F8A4D407E}.Release|x64.ActiveCfg = Release|Any CPU
		{87C56ECC-B755-40B9-B1DA-631F8A4D407E}.Release|x64.Build.0 = Release|Any CPU
		{87C56ECC-B755-40B9-B1DA-631F8A4D407E}.Release|x64.Deploy.0 = Release|Any CPU
		{87C56ECC-B755-40B9-B1DA-631F8A4D407E}.Release|x86.ActiveCfg = Release|Any CPU
		{87C56ECC-B755-40B9-B1DA-631F8A4D407E}.Release|x86.Build.0 = Release|Any CPU
		{87C56ECC-B755-40B9-B1DA-631F8A4D407E}.Release|x86.Deploy.0 = Release|Any CPU
	EndGlobalSection
	GlobalSection(SolutionProperties) = preSolution
		HideSolutionNode = FALSE
	EndGlobalSection
	GlobalSection(ExtensibilityGlobals) = postSolution
		SolutionGuid = {580ACD78-7C8E-44D6-BD58-CE614B1FED0E}
	EndGlobalSection
EndGlobal
